// !$*UTF8*$!
{
	archiveVersion = 1;
	classes = {
	};
	objectVersion = 51;
	objects = {

/* Begin PBXBuildFile section */
		5F2601DDDD90BE95914314C7 /* Pods_BrandDrop.framework in Frameworks */ = {isa = PBXBuildFile; fileRef = ABC8B2E936A5B8722267B12E /* Pods_BrandDrop.framework */; };
		607FACDB1AFB9204008FA782 /* Main.storyboard in Resources */ = {isa = PBXBuildFile; fileRef = 607FACD91AFB9204008FA782 /* Main.storyboard */; };
		701A1A582C2AEBA500768FEF /* GoogleService-Info.plist in Resources */ = {isa = PBXBuildFile; fileRef = 701A1A572C2AEBA500768FEF /* GoogleService-Info.plist */; };
		7B724EE84850FC35A3A4763E /* Pods_BrandDrop_Tests.framework in Frameworks */ = {isa = PBXBuildFile; fileRef = 17AB3A27E364BE7269772074 /* Pods_BrandDrop_Tests.framework */; };
		9604133822EF830100FBF8AF /* Montserrat-Regular.ttf in Resources */ = {isa = PBXBuildFile; fileRef = 9604133722EF830100FBF8AF /* Montserrat-Regular.ttf */; };
		9604133B22EF841000FBF8AF /* Montserrat-SemiBold.ttf in Resources */ = {isa = PBXBuildFile; fileRef = 9604133A22EF841000FBF8AF /* Montserrat-SemiBold.ttf */; };
		96103D7C22FB1777006E0256 /* BAKit.xcdatamodeld in Sources */ = {isa = PBXBuildFile; fileRef = 96940A9622FB056800D2303C /* BAKit.xcdatamodeld */; };
		9617529A22E9F6F80001C2C3 /* HomeViewController.swift in Sources */ = {isa = PBXBuildFile; fileRef = 9617529922E9F6F80001C2C3 /* HomeViewController.swift */; };
		961A58B82303394600430E5A /* ContactUsCollectionViewCell.swift in Sources */ = {isa = PBXBuildFile; fileRef = 961A58B72303394600430E5A /* ContactUsCollectionViewCell.swift */; };
		961A58BA2303425B00430E5A /* QRCollectionViewCell.swift in Sources */ = {isa = PBXBuildFile; fileRef = 961A58B92303425B00430E5A /* QRCollectionViewCell.swift */; };
		961A58BD230344ED00430E5A /* FindUsOnlineCollectionViewCell.swift in Sources */ = {isa = PBXBuildFile; fileRef = 961A58BC230344ED00430E5A /* FindUsOnlineCollectionViewCell.swift */; };
		961ADEAE227125A00014AB18 /* NotificationBoard.storyboard in Resources */ = {isa = PBXBuildFile; fileRef = 96E00400225FA45F001F6639 /* NotificationBoard.storyboard */; };
		961F330B23030A4600167BBC /* NotificationCollectionViewController.swift in Sources */ = {isa = PBXBuildFile; fileRef = 961F330A23030A4600167BBC /* NotificationCollectionViewController.swift */; };
		961F330E23030A7A00167BBC /* TitleCollectionViewCell.swift in Sources */ = {isa = PBXBuildFile; fileRef = 961F330D23030A7A00167BBC /* TitleCollectionViewCell.swift */; };
		9633AC3F227CF2BB00B2B692 /* LoginViewController.swift in Sources */ = {isa = PBXBuildFile; fileRef = 9633AC37227CF2BB00B2B692 /* LoginViewController.swift */; };
		9633C5C923032F870081CFF3 /* PromodDateCollectionViewCell.swift in Sources */ = {isa = PBXBuildFile; fileRef = 9633C5C823032F870081CFF3 /* PromodDateCollectionViewCell.swift */; };
		964AB5AB227E85960000F938 /* UserDefaults.swift in Sources */ = {isa = PBXBuildFile; fileRef = 964AB5AA227E85960000F938 /* UserDefaults.swift */; };
		9653255C230F7671006E2642 /* App.swift in Sources */ = {isa = PBXBuildFile; fileRef = 9653255B230F7671006E2642 /* App.swift */; };
		9653255E230F767B006E2642 /* Company.swift in Sources */ = {isa = PBXBuildFile; fileRef = 9653255D230F767B006E2642 /* Company.swift */; };
		96532560230F7681006E2642 /* CreatedBy.swift in Sources */ = {isa = PBXBuildFile; fileRef = 9653255F230F7681006E2642 /* CreatedBy.swift */; };
		96532562230F7689006E2642 /* Inbox.swift in Sources */ = {isa = PBXBuildFile; fileRef = 96532561230F7688006E2642 /* Inbox.swift */; };
		96532564230F768F006E2642 /* Onboarding.swift in Sources */ = {isa = PBXBuildFile; fileRef = 96532563230F768E006E2642 /* Onboarding.swift */; };
		96532566230F7698006E2642 /* User.swift in Sources */ = {isa = PBXBuildFile; fileRef = 96532565230F7698006E2642 /* User.swift */; };
		966114E922F487F200FA9F2A /* ShadowView.swift in Sources */ = {isa = PBXBuildFile; fileRef = 966114E822F487F200FA9F2A /* ShadowView.swift */; };
		966114EB22F490D100FA9F2A /* ShadowImageView.swift in Sources */ = {isa = PBXBuildFile; fileRef = 966114EA22F490D100FA9F2A /* ShadowImageView.swift */; };
		9665F3CE22FB317400CD818E /* CoreDataStack.swift in Sources */ = {isa = PBXBuildFile; fileRef = 9665F3CD22FB317400CD818E /* CoreDataStack.swift */; };
		9665F3EF22FB4F4B00CD818E /* NotificationViewController.swift in Sources */ = {isa = PBXBuildFile; fileRef = 9665F3EE22FB4F4B00CD818E /* NotificationViewController.swift */; };
		9665F3F122FB4FE900CD818E /* Extensions.swift in Sources */ = {isa = PBXBuildFile; fileRef = 9665F3F022FB4FE900CD818E /* Extensions.swift */; };
		96697B47227D29C700794455 /* BoardActiveTests.swift in Sources */ = {isa = PBXBuildFile; fileRef = 96697B46227D29C700794455 /* BoardActiveTests.swift */; };
		96697B67227D9D3300794455 /* AppDelegate.swift in Sources */ = {isa = PBXBuildFile; fileRef = EEA03A7E035B199019AB8F60 /* AppDelegate.swift */; };
		96697B68227D9D3D00794455 /* NotificationBoard.storyboard in Resources */ = {isa = PBXBuildFile; fileRef = 96E00400225FA45F001F6639 /* NotificationBoard.storyboard */; };
		967898B52315D7CA00C5F8CB /* UserDefaults.swift in Sources */ = {isa = PBXBuildFile; fileRef = 964AB5AA227E85960000F938 /* UserDefaults.swift */; };
		967898B62315D7CB00C5F8CB /* UserDefaults.swift in Sources */ = {isa = PBXBuildFile; fileRef = 964AB5AA227E85960000F938 /* UserDefaults.swift */; };
		967898B72315D7E200C5F8CB /* CoreDataStack.swift in Sources */ = {isa = PBXBuildFile; fileRef = 9665F3CD22FB317400CD818E /* CoreDataStack.swift */; };
		967898B82315D7E300C5F8CB /* CoreDataStack.swift in Sources */ = {isa = PBXBuildFile; fileRef = 9665F3CD22FB317400CD818E /* CoreDataStack.swift */; };
		9689E11222F204E400A1ABFC /* AppPickingViewController.swift in Sources */ = {isa = PBXBuildFile; fileRef = 9689E11122F204E400A1ABFC /* AppPickingViewController.swift */; };
		9689E11322F204E400A1ABFC /* AppPickingViewController.swift in Sources */ = {isa = PBXBuildFile; fileRef = 9689E11122F204E400A1ABFC /* AppPickingViewController.swift */; };
		968E17EC2266228C00062C43 /* Assets.xcassets in Resources */ = {isa = PBXBuildFile; fileRef = 963F52682265E3C5005B4C1C /* Assets.xcassets */; };
		96940A9822FB056800D2303C /* BAKit.xcdatamodeld in Sources */ = {isa = PBXBuildFile; fileRef = 96940A9622FB056800D2303C /* BAKit.xcdatamodeld */; };
		96BA7FEA22F29C8000AEB5B8 /* LoginPayload.swift in Sources */ = {isa = PBXBuildFile; fileRef = 96BA7FE922F29C7F00AEB5B8 /* LoginPayload.swift */; };
		96BA7FEF22F2A82D00AEB5B8 /* StorageObject.swift in Sources */ = {isa = PBXBuildFile; fileRef = 96BA7FEE22F2A82D00AEB5B8 /* StorageObject.swift */; };
		96C0C194230322A00096F2B5 /* ImageCollectionViewCell.swift in Sources */ = {isa = PBXBuildFile; fileRef = 96C0C193230322A00096F2B5 /* ImageCollectionViewCell.swift */; };
		96C394A522E6D71C008122E7 /* UserInfo.swift in Sources */ = {isa = PBXBuildFile; fileRef = 96C3948F22E6D71C008122E7 /* UserInfo.swift */; };
		96C48F9322F3086E00168079 /* Attribute.swift in Sources */ = {isa = PBXBuildFile; fileRef = 96C48F9022F3086D00168079 /* Attribute.swift */; };
		96C48F9422F3086E00168079 /* Custom.swift in Sources */ = {isa = PBXBuildFile; fileRef = 96C48F9122F3086D00168079 /* Custom.swift */; };
		96C48F9522F3086E00168079 /* Stock.swift in Sources */ = {isa = PBXBuildFile; fileRef = 96C48F9222F3086D00168079 /* Stock.swift */; };
		96C48F9722F330EF00168079 /* CustomTableViewCell.swift in Sources */ = {isa = PBXBuildFile; fileRef = 96C48F9622F330EF00168079 /* CustomTableViewCell.swift */; };
		96CACC452265F7A90059FCB0 /* Launch Screen.storyboard in Resources */ = {isa = PBXBuildFile; fileRef = 96CACC442265F7A90059FCB0 /* Launch Screen.storyboard */; };
		96CACC462265F7A90059FCB0 /* Launch Screen.storyboard in Resources */ = {isa = PBXBuildFile; fileRef = 96CACC442265F7A90059FCB0 /* Launch Screen.storyboard */; };
		96CDB7F422F86AC10017EFF6 /* UserNotifications.framework in Frameworks */ = {isa = PBXBuildFile; fileRef = 96697B4D227D305E00794455 /* UserNotifications.framework */; };
		96CDB7F522F86AC10017EFF6 /* UserNotificationsUI.framework in Frameworks */ = {isa = PBXBuildFile; fileRef = 96697B4F227D305E00794455 /* UserNotificationsUI.framework */; };
		96CDB7FB22F86AC10017EFF6 /* MainInterface.storyboard in Resources */ = {isa = PBXBuildFile; fileRef = 96CDB7F922F86AC10017EFF6 /* MainInterface.storyboard */; };
		96CDB7FF22F86AC10017EFF6 /* Content Extension.appex in Embed App Extensions */ = {isa = PBXBuildFile; fileRef = 96CDB7F322F86AC10017EFF6 /* Content Extension.appex */; settings = {ATTRIBUTES = (RemoveHeadersOnCopy, ); }; };
		96F0576222668F4600039804 /* NotificationModelSpec.swift in Sources */ = {isa = PBXBuildFile; fileRef = 96F0576122668F4600039804 /* NotificationModelSpec.swift */; };
		96FDD23922EA0F4600145257 /* TextField.swift in Sources */ = {isa = PBXBuildFile; fileRef = 96FDD23822EA0F4600145257 /* TextField.swift */; };
		96FDD23D22EA11DD00145257 /* UIView+Extensions.swift in Sources */ = {isa = PBXBuildFile; fileRef = 96FDD23C22EA11DD00145257 /* UIView+Extensions.swift */; };
		96FEC81A230F8B030087873D /* NotificationService.swift in Sources */ = {isa = PBXBuildFile; fileRef = 96FEC819230F8B030087873D /* NotificationService.swift */; };
		96FEC81E230F8B030087873D /* NotificationPersistenceService.appex in Embed App Extensions */ = {isa = PBXBuildFile; fileRef = 96FEC817230F8B030087873D /* NotificationPersistenceService.appex */; settings = {ATTRIBUTES = (RemoveHeadersOnCopy, ); }; };
		96FEC825230F8CA70087873D /* BAKit.xcdatamodeld in Sources */ = {isa = PBXBuildFile; fileRef = 96940A9622FB056800D2303C /* BAKit.xcdatamodeld */; };
		96FEC829230F8F270087873D /* App.swift in Sources */ = {isa = PBXBuildFile; fileRef = 9653255B230F7671006E2642 /* App.swift */; };
		96FEC82A230F8F270087873D /* App.swift in Sources */ = {isa = PBXBuildFile; fileRef = 9653255B230F7671006E2642 /* App.swift */; };
		96FEC82B230F8F2F0087873D /* Inbox.swift in Sources */ = {isa = PBXBuildFile; fileRef = 96532561230F7688006E2642 /* Inbox.swift */; };
		96FEC82C230F8F300087873D /* Inbox.swift in Sources */ = {isa = PBXBuildFile; fileRef = 96532561230F7688006E2642 /* Inbox.swift */; };
		96FEC82D230F8F340087873D /* User.swift in Sources */ = {isa = PBXBuildFile; fileRef = 96532565230F7698006E2642 /* User.swift */; };
		96FEC82E230F8F350087873D /* User.swift in Sources */ = {isa = PBXBuildFile; fileRef = 96532565230F7698006E2642 /* User.swift */; };
		96FEC82F230F8F3C0087873D /* Company.swift in Sources */ = {isa = PBXBuildFile; fileRef = 9653255D230F767B006E2642 /* Company.swift */; };
		96FEC830230F8F3D0087873D /* Company.swift in Sources */ = {isa = PBXBuildFile; fileRef = 9653255D230F767B006E2642 /* Company.swift */; };
		96FEC831230F8F420087873D /* Onboarding.swift in Sources */ = {isa = PBXBuildFile; fileRef = 96532563230F768E006E2642 /* Onboarding.swift */; };
		96FEC832230F8F440087873D /* Onboarding.swift in Sources */ = {isa = PBXBuildFile; fileRef = 96532563230F768E006E2642 /* Onboarding.swift */; };
		96FEC833230F8F7F0087873D /* Extensions.swift in Sources */ = {isa = PBXBuildFile; fileRef = 9665F3F022FB4FE900CD818E /* Extensions.swift */; };
		96FEC834230F8F7F0087873D /* Extensions.swift in Sources */ = {isa = PBXBuildFile; fileRef = 9665F3F022FB4FE900CD818E /* Extensions.swift */; };
		96FEC835230F8F8D0087873D /* CreatedBy.swift in Sources */ = {isa = PBXBuildFile; fileRef = 9653255F230F7681006E2642 /* CreatedBy.swift */; };
		96FEC836230F8F8E0087873D /* CreatedBy.swift in Sources */ = {isa = PBXBuildFile; fileRef = 9653255F230F7681006E2642 /* CreatedBy.swift */; };
		B5A571CE24782BA1003C09BD /* AttributeList.swift in Sources */ = {isa = PBXBuildFile; fileRef = B5A571CD24782BA1003C09BD /* AttributeList.swift */; };
		B5A571D124782BCB003C09BD /* UserAttributesVC.swift in Sources */ = {isa = PBXBuildFile; fileRef = B5A571CF24782BCB003C09BD /* UserAttributesVC.swift */; };
		B5A571D224782BCB003C09BD /* StockAttributes.swift in Sources */ = {isa = PBXBuildFile; fileRef = B5A571D024782BCB003C09BD /* StockAttributes.swift */; };
		B5A571DB24782C67003C09BD /* TextBoxCell.xib in Resources */ = {isa = PBXBuildFile; fileRef = B5A571D324782C67003C09BD /* TextBoxCell.xib */; };
		B5A571DC24782C67003C09BD /* DateCell.xib in Resources */ = {isa = PBXBuildFile; fileRef = B5A571D424782C67003C09BD /* DateCell.xib */; };
		B5A571DD24782C67003C09BD /* ButtonCell.swift in Sources */ = {isa = PBXBuildFile; fileRef = B5A571D524782C67003C09BD /* ButtonCell.swift */; };
		B5A571DE24782C67003C09BD /* ButtonCell.xib in Resources */ = {isa = PBXBuildFile; fileRef = B5A571D624782C67003C09BD /* ButtonCell.xib */; };
		B5A571DF24782C67003C09BD /* RadioButtonCell.swift in Sources */ = {isa = PBXBuildFile; fileRef = B5A571D724782C67003C09BD /* RadioButtonCell.swift */; };
		B5A571E024782C67003C09BD /* TextBoxCell.swift in Sources */ = {isa = PBXBuildFile; fileRef = B5A571D824782C67003C09BD /* TextBoxCell.swift */; };
		B5A571E124782C67003C09BD /* RadioButtonCell.xib in Resources */ = {isa = PBXBuildFile; fileRef = B5A571D924782C67003C09BD /* RadioButtonCell.xib */; };
		B5A571E224782C67003C09BD /* DateCell.swift in Sources */ = {isa = PBXBuildFile; fileRef = B5A571DA24782C67003C09BD /* DateCell.swift */; };
		EEA03A3A21E58BD3DB855079 /* AppDelegate.swift in Sources */ = {isa = PBXBuildFile; fileRef = EEA03A7E035B199019AB8F60 /* AppDelegate.swift */; };
/* End PBXBuildFile section */

/* Begin PBXContainerItemProxy section */
		607FACE61AFB9204008FA782 /* PBXContainerItemProxy */ = {
			isa = PBXContainerItemProxy;
			containerPortal = 607FACC81AFB9204008FA782 /* Project object */;
			proxyType = 1;
			remoteGlobalIDString = 607FACCF1AFB9204008FA782;
			remoteInfo = BAKit;
		};
		96CDB7FD22F86AC10017EFF6 /* PBXContainerItemProxy */ = {
			isa = PBXContainerItemProxy;
			containerPortal = 607FACC81AFB9204008FA782 /* Project object */;
			proxyType = 1;
			remoteGlobalIDString = 96CDB7F222F86AC10017EFF6;
			remoteInfo = "Content Extension";
		};
		96FEC81C230F8B030087873D /* PBXContainerItemProxy */ = {
			isa = PBXContainerItemProxy;
			containerPortal = 607FACC81AFB9204008FA782 /* Project object */;
			proxyType = 1;
			remoteGlobalIDString = 96FEC816230F8B030087873D;
			remoteInfo = NotificationPersistenceService;
		};
/* End PBXContainerItemProxy section */

/* Begin PBXCopyFilesBuildPhase section */
		961ADEC02278C2380014AB18 /* Embed App Extensions */ = {
			isa = PBXCopyFilesBuildPhase;
			buildActionMask = 2147483647;
			dstPath = "";
			dstSubfolderSpec = 13;
			files = (
				96CDB7FF22F86AC10017EFF6 /* Content Extension.appex in Embed App Extensions */,
				96FEC81E230F8B030087873D /* NotificationPersistenceService.appex in Embed App Extensions */,
			);
			name = "Embed App Extensions";
			runOnlyForDeploymentPostprocessing = 0;
		};
/* End PBXCopyFilesBuildPhase section */

/* Begin PBXFileReference section */
		17AB3A27E364BE7269772074 /* Pods_BrandDrop_Tests.framework */ = {isa = PBXFileReference; explicitFileType = wrapper.framework; includeInIndex = 0; path = Pods_BrandDrop_Tests.framework; sourceTree = BUILT_PRODUCTS_DIR; };
		4C3854B257C4F2CB6E0F1C2C /* README.md */ = {isa = PBXFileReference; includeInIndex = 1; lastKnownFileType = net.daringfireball.markdown; name = README.md; path = ../README.md; sourceTree = "<group>"; };
		607FACD01AFB9204008FA782 /* BrandDrop.app */ = {isa = PBXFileReference; explicitFileType = wrapper.application; includeInIndex = 0; path = BrandDrop.app; sourceTree = BUILT_PRODUCTS_DIR; };
		607FACDA1AFB9204008FA782 /* Base */ = {isa = PBXFileReference; lastKnownFileType = file.storyboard; name = Base; path = Base.lproj/Main.storyboard; sourceTree = "<group>"; };
		607FACE51AFB9204008FA782 /* BrandDrop_Tests.xctest */ = {isa = PBXFileReference; explicitFileType = wrapper.cfbundle; includeInIndex = 0; path = BrandDrop_Tests.xctest; sourceTree = BUILT_PRODUCTS_DIR; };
		607FACEA1AFB9204008FA782 /* Info.plist */ = {isa = PBXFileReference; lastKnownFileType = text.plist.xml; path = Info.plist; sourceTree = "<group>"; };
		674BA48DC6AEDD6E6F832D87 /* BAKit.podspec */ = {isa = PBXFileReference; includeInIndex = 1; lastKnownFileType = text; name = BAKit.podspec; path = ../BAKit.podspec; sourceTree = "<group>"; xcLanguageSpecificationIdentifier = xcode.lang.ruby; };
		684BC51028B67D0360F8A894 /* LICENSE */ = {isa = PBXFileReference; includeInIndex = 1; lastKnownFileType = text; name = LICENSE; path = ../LICENSE; sourceTree = "<group>"; };
		6D67462E1733B99EB747BD41 /* Pods-BrandDrop_Tests.debug.xcconfig */ = {isa = PBXFileReference; includeInIndex = 1; lastKnownFileType = text.xcconfig; name = "Pods-BrandDrop_Tests.debug.xcconfig"; path = "Target Support Files/Pods-BrandDrop_Tests/Pods-BrandDrop_Tests.debug.xcconfig"; sourceTree = "<group>"; };
		701A1A572C2AEBA500768FEF /* GoogleService-Info.plist */ = {isa = PBXFileReference; fileEncoding = 4; lastKnownFileType = text.plist.xml; path = "GoogleService-Info.plist"; sourceTree = "<group>"; };
		74BE957F6947A6F1BAF43F3F /* Pods-BrandDrop.release.xcconfig */ = {isa = PBXFileReference; includeInIndex = 1; lastKnownFileType = text.xcconfig; name = "Pods-BrandDrop.release.xcconfig"; path = "Target Support Files/Pods-BrandDrop/Pods-BrandDrop.release.xcconfig"; sourceTree = "<group>"; };
		9604133722EF830100FBF8AF /* Montserrat-Regular.ttf */ = {isa = PBXFileReference; lastKnownFileType = file; path = "Montserrat-Regular.ttf"; sourceTree = "<group>"; };
		9604133A22EF841000FBF8AF /* Montserrat-SemiBold.ttf */ = {isa = PBXFileReference; lastKnownFileType = file; path = "Montserrat-SemiBold.ttf"; sourceTree = "<group>"; };
		9617529922E9F6F80001C2C3 /* HomeViewController.swift */ = {isa = PBXFileReference; lastKnownFileType = sourcecode.swift; path = HomeViewController.swift; sourceTree = "<group>"; };
		961A58B72303394600430E5A /* ContactUsCollectionViewCell.swift */ = {isa = PBXFileReference; lastKnownFileType = sourcecode.swift; path = ContactUsCollectionViewCell.swift; sourceTree = "<group>"; };
		961A58B92303425B00430E5A /* QRCollectionViewCell.swift */ = {isa = PBXFileReference; lastKnownFileType = sourcecode.swift; path = QRCollectionViewCell.swift; sourceTree = "<group>"; };
		961A58BC230344ED00430E5A /* FindUsOnlineCollectionViewCell.swift */ = {isa = PBXFileReference; lastKnownFileType = sourcecode.swift; path = FindUsOnlineCollectionViewCell.swift; sourceTree = "<group>"; };
		961F330A23030A4600167BBC /* NotificationCollectionViewController.swift */ = {isa = PBXFileReference; lastKnownFileType = sourcecode.swift; path = NotificationCollectionViewController.swift; sourceTree = "<group>"; };
		961F330D23030A7A00167BBC /* TitleCollectionViewCell.swift */ = {isa = PBXFileReference; lastKnownFileType = sourcecode.swift; path = TitleCollectionViewCell.swift; sourceTree = "<group>"; };
		9633AC37227CF2BB00B2B692 /* LoginViewController.swift */ = {isa = PBXFileReference; fileEncoding = 4; lastKnownFileType = sourcecode.swift; name = LoginViewController.swift; path = Controllers/LoginViewController.swift; sourceTree = "<group>"; };
		9633C5C823032F870081CFF3 /* PromodDateCollectionViewCell.swift */ = {isa = PBXFileReference; lastKnownFileType = sourcecode.swift; path = PromodDateCollectionViewCell.swift; sourceTree = "<group>"; };
		963F52682265E3C5005B4C1C /* Assets.xcassets */ = {isa = PBXFileReference; lastKnownFileType = folder.assetcatalog; path = Assets.xcassets; sourceTree = "<group>"; };
		964AB5AA227E85960000F938 /* UserDefaults.swift */ = {isa = PBXFileReference; fileEncoding = 4; lastKnownFileType = sourcecode.swift; name = UserDefaults.swift; path = Controllers/UserDefaults.swift; sourceTree = "<group>"; };
		9653255B230F7671006E2642 /* App.swift */ = {isa = PBXFileReference; fileEncoding = 4; lastKnownFileType = sourcecode.swift; path = App.swift; sourceTree = "<group>"; };
		9653255D230F767B006E2642 /* Company.swift */ = {isa = PBXFileReference; fileEncoding = 4; lastKnownFileType = sourcecode.swift; path = Company.swift; sourceTree = "<group>"; };
		9653255F230F7681006E2642 /* CreatedBy.swift */ = {isa = PBXFileReference; fileEncoding = 4; lastKnownFileType = sourcecode.swift; path = CreatedBy.swift; sourceTree = "<group>"; };
		96532561230F7688006E2642 /* Inbox.swift */ = {isa = PBXFileReference; fileEncoding = 4; lastKnownFileType = sourcecode.swift; path = Inbox.swift; sourceTree = "<group>"; };
		96532563230F768E006E2642 /* Onboarding.swift */ = {isa = PBXFileReference; fileEncoding = 4; lastKnownFileType = sourcecode.swift; path = Onboarding.swift; sourceTree = "<group>"; };
		96532565230F7698006E2642 /* User.swift */ = {isa = PBXFileReference; fileEncoding = 4; lastKnownFileType = sourcecode.swift; path = User.swift; sourceTree = "<group>"; };
		966114E822F487F200FA9F2A /* ShadowView.swift */ = {isa = PBXFileReference; lastKnownFileType = sourcecode.swift; path = ShadowView.swift; sourceTree = "<group>"; };
		966114EA22F490D100FA9F2A /* ShadowImageView.swift */ = {isa = PBXFileReference; lastKnownFileType = sourcecode.swift; path = ShadowImageView.swift; sourceTree = "<group>"; };
		9665F3CD22FB317400CD818E /* CoreDataStack.swift */ = {isa = PBXFileReference; lastKnownFileType = sourcecode.swift; path = CoreDataStack.swift; sourceTree = "<group>"; };
		9665F3EE22FB4F4B00CD818E /* NotificationViewController.swift */ = {isa = PBXFileReference; fileEncoding = 4; lastKnownFileType = sourcecode.swift; path = NotificationViewController.swift; sourceTree = "<group>"; };
		9665F3F022FB4FE900CD818E /* Extensions.swift */ = {isa = PBXFileReference; fileEncoding = 4; lastKnownFileType = sourcecode.swift; path = Extensions.swift; sourceTree = SOURCE_ROOT; };
		96697B46227D29C700794455 /* BoardActiveTests.swift */ = {isa = PBXFileReference; lastKnownFileType = sourcecode.swift; path = BoardActiveTests.swift; sourceTree = "<group>"; };
		96697B4D227D305E00794455 /* UserNotifications.framework */ = {isa = PBXFileReference; lastKnownFileType = wrapper.framework; name = UserNotifications.framework; path = System/Library/Frameworks/UserNotifications.framework; sourceTree = SDKROOT; };
		96697B4F227D305E00794455 /* UserNotificationsUI.framework */ = {isa = PBXFileReference; lastKnownFileType = wrapper.framework; name = UserNotificationsUI.framework; path = System/Library/Frameworks/UserNotificationsUI.framework; sourceTree = SDKROOT; };
		96697B6C227DAF2000794455 /* Info.plist */ = {isa = PBXFileReference; fileEncoding = 4; lastKnownFileType = text.plist.xml; name = Info.plist; path = Resources/Info.plist; sourceTree = "<group>"; };
		9689E11122F204E400A1ABFC /* AppPickingViewController.swift */ = {isa = PBXFileReference; lastKnownFileType = sourcecode.swift; path = AppPickingViewController.swift; sourceTree = "<group>"; };
		96940A9722FB056800D2303C /* BAKit.xcdatamodel */ = {isa = PBXFileReference; lastKnownFileType = wrapper.xcdatamodel; path = BAKit.xcdatamodel; sourceTree = "<group>"; };
		96BA7FE922F29C7F00AEB5B8 /* LoginPayload.swift */ = {isa = PBXFileReference; fileEncoding = 4; lastKnownFileType = sourcecode.swift; name = LoginPayload.swift; path = Models/LoginPayload.swift; sourceTree = "<group>"; };
		96BA7FEE22F2A82D00AEB5B8 /* StorageObject.swift */ = {isa = PBXFileReference; lastKnownFileType = sourcecode.swift; path = StorageObject.swift; sourceTree = "<group>"; };
		96C0C193230322A00096F2B5 /* ImageCollectionViewCell.swift */ = {isa = PBXFileReference; lastKnownFileType = sourcecode.swift; path = ImageCollectionViewCell.swift; sourceTree = "<group>"; };
		96C3948F22E6D71C008122E7 /* UserInfo.swift */ = {isa = PBXFileReference; fileEncoding = 4; lastKnownFileType = sourcecode.swift; name = UserInfo.swift; path = Models/UserInfo.swift; sourceTree = "<group>"; };
		96C48F9022F3086D00168079 /* Attribute.swift */ = {isa = PBXFileReference; fileEncoding = 4; lastKnownFileType = sourcecode.swift; name = Attribute.swift; path = Models/Attribute.swift; sourceTree = "<group>"; };
		96C48F9122F3086D00168079 /* Custom.swift */ = {isa = PBXFileReference; fileEncoding = 4; lastKnownFileType = sourcecode.swift; name = Custom.swift; path = Models/Custom.swift; sourceTree = "<group>"; };
		96C48F9222F3086D00168079 /* Stock.swift */ = {isa = PBXFileReference; fileEncoding = 4; lastKnownFileType = sourcecode.swift; name = Stock.swift; path = Models/Stock.swift; sourceTree = "<group>"; };
		96C48F9622F330EF00168079 /* CustomTableViewCell.swift */ = {isa = PBXFileReference; lastKnownFileType = sourcecode.swift; path = CustomTableViewCell.swift; sourceTree = "<group>"; };
		96CACC442265F7A90059FCB0 /* Launch Screen.storyboard */ = {isa = PBXFileReference; lastKnownFileType = file.storyboard; path = "Launch Screen.storyboard"; sourceTree = "<group>"; };
		96CDB7F322F86AC10017EFF6 /* Content Extension.appex */ = {isa = PBXFileReference; explicitFileType = "wrapper.app-extension"; includeInIndex = 0; path = "Content Extension.appex"; sourceTree = BUILT_PRODUCTS_DIR; };
		96CDB7FA22F86AC10017EFF6 /* Base */ = {isa = PBXFileReference; lastKnownFileType = file.storyboard; name = Base; path = Base.lproj/MainInterface.storyboard; sourceTree = "<group>"; };
		96CDB7FC22F86AC10017EFF6 /* Info.plist */ = {isa = PBXFileReference; lastKnownFileType = text.plist.xml; path = Info.plist; sourceTree = "<group>"; };
		96E00400225FA45F001F6639 /* NotificationBoard.storyboard */ = {isa = PBXFileReference; lastKnownFileType = file.storyboard; path = NotificationBoard.storyboard; sourceTree = "<group>"; };
		96F0576122668F4600039804 /* NotificationModelSpec.swift */ = {isa = PBXFileReference; lastKnownFileType = sourcecode.swift; path = NotificationModelSpec.swift; sourceTree = "<group>"; };
		96FDD23822EA0F4600145257 /* TextField.swift */ = {isa = PBXFileReference; lastKnownFileType = sourcecode.swift; path = TextField.swift; sourceTree = "<group>"; };
		96FDD23C22EA11DD00145257 /* UIView+Extensions.swift */ = {isa = PBXFileReference; lastKnownFileType = sourcecode.swift; path = "UIView+Extensions.swift"; sourceTree = "<group>"; };
		96FEC817230F8B030087873D /* NotificationPersistenceService.appex */ = {isa = PBXFileReference; explicitFileType = "wrapper.app-extension"; includeInIndex = 0; path = NotificationPersistenceService.appex; sourceTree = BUILT_PRODUCTS_DIR; };
		96FEC819230F8B030087873D /* NotificationService.swift */ = {isa = PBXFileReference; lastKnownFileType = sourcecode.swift; path = NotificationService.swift; sourceTree = "<group>"; };
		96FEC81B230F8B030087873D /* Info.plist */ = {isa = PBXFileReference; lastKnownFileType = text.plist.xml; path = Info.plist; sourceTree = "<group>"; };
		96FEC822230F8B660087873D /* NotificationPersistenceService.entitlements */ = {isa = PBXFileReference; lastKnownFileType = text.plist.entitlements; path = NotificationPersistenceService.entitlements; sourceTree = "<group>"; };
		96FEC826230F8EA40087873D /* Content Extension.entitlements */ = {isa = PBXFileReference; lastKnownFileType = text.plist.entitlements; path = "Content Extension.entitlements"; sourceTree = "<group>"; };
		ABC8B2E936A5B8722267B12E /* Pods_BrandDrop.framework */ = {isa = PBXFileReference; explicitFileType = wrapper.framework; includeInIndex = 0; path = Pods_BrandDrop.framework; sourceTree = BUILT_PRODUCTS_DIR; };
		B5A571CD24782BA1003C09BD /* AttributeList.swift */ = {isa = PBXFileReference; fileEncoding = 4; lastKnownFileType = sourcecode.swift; name = AttributeList.swift; path = Models/AttributeList.swift; sourceTree = "<group>"; };
		B5A571CF24782BCB003C09BD /* UserAttributesVC.swift */ = {isa = PBXFileReference; fileEncoding = 4; lastKnownFileType = sourcecode.swift; name = UserAttributesVC.swift; path = Controllers/UserAttributesVC.swift; sourceTree = "<group>"; };
		B5A571D024782BCB003C09BD /* StockAttributes.swift */ = {isa = PBXFileReference; fileEncoding = 4; lastKnownFileType = sourcecode.swift; name = StockAttributes.swift; path = Controllers/StockAttributes.swift; sourceTree = "<group>"; };
		B5A571D324782C67003C09BD /* TextBoxCell.xib */ = {isa = PBXFileReference; fileEncoding = 4; lastKnownFileType = file.xib; path = TextBoxCell.xib; sourceTree = "<group>"; };
		B5A571D424782C67003C09BD /* DateCell.xib */ = {isa = PBXFileReference; fileEncoding = 4; lastKnownFileType = file.xib; path = DateCell.xib; sourceTree = "<group>"; };
		B5A571D524782C67003C09BD /* ButtonCell.swift */ = {isa = PBXFileReference; fileEncoding = 4; lastKnownFileType = sourcecode.swift; path = ButtonCell.swift; sourceTree = "<group>"; };
		B5A571D624782C67003C09BD /* ButtonCell.xib */ = {isa = PBXFileReference; fileEncoding = 4; lastKnownFileType = file.xib; path = ButtonCell.xib; sourceTree = "<group>"; };
		B5A571D724782C67003C09BD /* RadioButtonCell.swift */ = {isa = PBXFileReference; fileEncoding = 4; lastKnownFileType = sourcecode.swift; path = RadioButtonCell.swift; sourceTree = "<group>"; };
		B5A571D824782C67003C09BD /* TextBoxCell.swift */ = {isa = PBXFileReference; fileEncoding = 4; lastKnownFileType = sourcecode.swift; path = TextBoxCell.swift; sourceTree = "<group>"; };
		B5A571D924782C67003C09BD /* RadioButtonCell.xib */ = {isa = PBXFileReference; fileEncoding = 4; lastKnownFileType = file.xib; path = RadioButtonCell.xib; sourceTree = "<group>"; };
		B5A571DA24782C67003C09BD /* DateCell.swift */ = {isa = PBXFileReference; fileEncoding = 4; lastKnownFileType = sourcecode.swift; path = DateCell.swift; sourceTree = "<group>"; };
		B73866FBD63F933EF2FC3DA8 /* Pods-BrandDrop.debug.xcconfig */ = {isa = PBXFileReference; includeInIndex = 1; lastKnownFileType = text.xcconfig; name = "Pods-BrandDrop.debug.xcconfig"; path = "Target Support Files/Pods-BrandDrop/Pods-BrandDrop.debug.xcconfig"; sourceTree = "<group>"; };
		DBCA2ABC3E12209B254AF593 /* Pods-BrandDrop_Tests.release.xcconfig */ = {isa = PBXFileReference; includeInIndex = 1; lastKnownFileType = text.xcconfig; name = "Pods-BrandDrop_Tests.release.xcconfig"; path = "Target Support Files/Pods-BrandDrop_Tests/Pods-BrandDrop_Tests.release.xcconfig"; sourceTree = "<group>"; };
		EEA03A7E035B199019AB8F60 /* AppDelegate.swift */ = {isa = PBXFileReference; fileEncoding = 4; lastKnownFileType = sourcecode.swift; path = AppDelegate.swift; sourceTree = "<group>"; };
		EEA03E92F7317CD0DF20CE77 /* AdDrop.entitlements */ = {isa = PBXFileReference; fileEncoding = 4; lastKnownFileType = text.plist.entitlements; path = AdDrop.entitlements; sourceTree = SOURCE_ROOT; };
/* End PBXFileReference section */

/* Begin PBXFrameworksBuildPhase section */
		607FACCD1AFB9204008FA782 /* Frameworks */ = {
			isa = PBXFrameworksBuildPhase;
			buildActionMask = 2147483647;
			files = (
				5F2601DDDD90BE95914314C7 /* Pods_BrandDrop.framework in Frameworks */,
			);
			runOnlyForDeploymentPostprocessing = 0;
		};
		607FACE21AFB9204008FA782 /* Frameworks */ = {
			isa = PBXFrameworksBuildPhase;
			buildActionMask = 2147483647;
			files = (
				7B724EE84850FC35A3A4763E /* Pods_BrandDrop_Tests.framework in Frameworks */,
			);
			runOnlyForDeploymentPostprocessing = 0;
		};
		96CDB7F022F86AC10017EFF6 /* Frameworks */ = {
			isa = PBXFrameworksBuildPhase;
			buildActionMask = 2147483647;
			files = (
				96CDB7F522F86AC10017EFF6 /* UserNotificationsUI.framework in Frameworks */,
				96CDB7F422F86AC10017EFF6 /* UserNotifications.framework in Frameworks */,
			);
			runOnlyForDeploymentPostprocessing = 0;
		};
		96FEC814230F8B030087873D /* Frameworks */ = {
			isa = PBXFrameworksBuildPhase;
			buildActionMask = 2147483647;
			files = (
			);
			runOnlyForDeploymentPostprocessing = 0;
		};
/* End PBXFrameworksBuildPhase section */

/* Begin PBXGroup section */
		1693C1147519D28F8B589380 /* Pods */ = {
			isa = PBXGroup;
			children = (
				B73866FBD63F933EF2FC3DA8 /* Pods-BrandDrop.debug.xcconfig */,
				74BE957F6947A6F1BAF43F3F /* Pods-BrandDrop.release.xcconfig */,
				6D67462E1733B99EB747BD41 /* Pods-BrandDrop_Tests.debug.xcconfig */,
				DBCA2ABC3E12209B254AF593 /* Pods-BrandDrop_Tests.release.xcconfig */,
			);
			path = Pods;
			sourceTree = "<group>";
		};
		607FACC71AFB9204008FA782 = {
			isa = PBXGroup;
			children = (
				96940A9622FB056800D2303C /* BAKit.xcdatamodeld */,
				EEA03A7E035B199019AB8F60 /* AppDelegate.swift */,
				607FACF51AFB993E008FA782 /* Podspec Metadata */,
				607FACD21AFB9204008FA782 /* Example for BAKit */,
				607FACE81AFB9204008FA782 /* Tests */,
				96CDB7F622F86AC10017EFF6 /* Content Extension */,
				96FEC818230F8B030087873D /* NotificationPersistenceService */,
				607FACD11AFB9204008FA782 /* Products */,
				C4917B910CA67E361D7643CB /* Frameworks */,
				1693C1147519D28F8B589380 /* Pods */,
			);
			sourceTree = "<group>";
		};
		607FACD11AFB9204008FA782 /* Products */ = {
			isa = PBXGroup;
			children = (
				607FACD01AFB9204008FA782 /* BrandDrop.app */,
				607FACE51AFB9204008FA782 /* BrandDrop_Tests.xctest */,
				96CDB7F322F86AC10017EFF6 /* Content Extension.appex */,
				96FEC817230F8B030087873D /* NotificationPersistenceService.appex */,
			);
			name = Products;
			sourceTree = "<group>";
		};
		607FACD21AFB9204008FA782 /* Example for BAKit */ = {
			isa = PBXGroup;
			children = (
				96FEC812230F7AD40087873D /* Views */,
				96E00405226503BC001F6639 /* Models */,
				96E00403225FA47A001F6639 /* Controllers */,
				607FACD31AFB9204008FA782 /* Supporting Files */,
			);
			name = "Example for BAKit";
			path = BAKit;
			sourceTree = "<group>";
		};
		607FACD31AFB9204008FA782 /* Supporting Files */ = {
			isa = PBXGroup;
			children = (
				9665F3CD22FB317400CD818E /* CoreDataStack.swift */,
				96BA7FEE22F2A82D00AEB5B8 /* StorageObject.swift */,
				701A1A572C2AEBA500768FEF /* GoogleService-Info.plist */,
				964AB5AA227E85960000F938 /* UserDefaults.swift */,
				9604133922EF830B00FBF8AF /* Fonts */,
				963F52682265E3C5005B4C1C /* Assets.xcassets */,
				96697B6C227DAF2000794455 /* Info.plist */,
				EEA03E92F7317CD0DF20CE77 /* AdDrop.entitlements */,
			);
			name = "Supporting Files";
			sourceTree = "<group>";
		};
		607FACE81AFB9204008FA782 /* Tests */ = {
			isa = PBXGroup;
			children = (
				96BE361B2270C6030085F703 /* Controller Tests */,
				96BE361C2270C6150085F703 /* Model Tests */,
				607FACE91AFB9204008FA782 /* Supporting Files */,
			);
			path = Tests;
			sourceTree = "<group>";
		};
		607FACE91AFB9204008FA782 /* Supporting Files */ = {
			isa = PBXGroup;
			children = (
				607FACEA1AFB9204008FA782 /* Info.plist */,
			);
			name = "Supporting Files";
			sourceTree = "<group>";
		};
		607FACF51AFB993E008FA782 /* Podspec Metadata */ = {
			isa = PBXGroup;
			children = (
				674BA48DC6AEDD6E6F832D87 /* BAKit.podspec */,
				4C3854B257C4F2CB6E0F1C2C /* README.md */,
				684BC51028B67D0360F8A894 /* LICENSE */,
			);
			name = "Podspec Metadata";
			sourceTree = "<group>";
		};
		9604133922EF830B00FBF8AF /* Fonts */ = {
			isa = PBXGroup;
			children = (
				9604133A22EF841000FBF8AF /* Montserrat-SemiBold.ttf */,
				9604133722EF830100FBF8AF /* Montserrat-Regular.ttf */,
			);
			path = Fonts;
			sourceTree = "<group>";
		};
		96BE361B2270C6030085F703 /* Controller Tests */ = {
			isa = PBXGroup;
			children = (
				96697B46227D29C700794455 /* BoardActiveTests.swift */,
			);
			name = "Controller Tests";
			sourceTree = "<group>";
		};
		96BE361C2270C6150085F703 /* Model Tests */ = {
			isa = PBXGroup;
			children = (
				96F0576122668F4600039804 /* NotificationModelSpec.swift */,
			);
			name = "Model Tests";
			sourceTree = "<group>";
		};
		96CACC432265F6980059FCB0 /* Storyboards */ = {
			isa = PBXGroup;
			children = (
				607FACD91AFB9204008FA782 /* Main.storyboard */,
				96CACC442265F7A90059FCB0 /* Launch Screen.storyboard */,
				96E00400225FA45F001F6639 /* NotificationBoard.storyboard */,
			);
			path = Storyboards;
			sourceTree = "<group>";
		};
		96CDB7F622F86AC10017EFF6 /* Content Extension */ = {
			isa = PBXGroup;
			children = (
				96FEC826230F8EA40087873D /* Content Extension.entitlements */,
				9665F3EE22FB4F4B00CD818E /* NotificationViewController.swift */,
				96CDB7F922F86AC10017EFF6 /* MainInterface.storyboard */,
				96CDB7FC22F86AC10017EFF6 /* Info.plist */,
			);
			path = "Content Extension";
			sourceTree = "<group>";
		};
		96E00403225FA47A001F6639 /* Controllers */ = {
			isa = PBXGroup;
			children = (
				B5A571D024782BCB003C09BD /* StockAttributes.swift */,
				B5A571CF24782BCB003C09BD /* UserAttributesVC.swift */,
				9633AC37227CF2BB00B2B692 /* LoginViewController.swift */,
				9617529922E9F6F80001C2C3 /* HomeViewController.swift */,
				9689E11122F204E400A1ABFC /* AppPickingViewController.swift */,
				961F330A23030A4600167BBC /* NotificationCollectionViewController.swift */,
			);
			name = Controllers;
			sourceTree = "<group>";
		};
		96E00405226503BC001F6639 /* Models */ = {
			isa = PBXGroup;
			children = (
				B5A571CD24782BA1003C09BD /* AttributeList.swift */,
				9653255B230F7671006E2642 /* App.swift */,
				96C48F9022F3086D00168079 /* Attribute.swift */,
				9653255D230F767B006E2642 /* Company.swift */,
				9653255F230F7681006E2642 /* CreatedBy.swift */,
				96C48F9122F3086D00168079 /* Custom.swift */,
				9665F3F022FB4FE900CD818E /* Extensions.swift */,
				96532561230F7688006E2642 /* Inbox.swift */,
				96BA7FE922F29C7F00AEB5B8 /* LoginPayload.swift */,
				96532563230F768E006E2642 /* Onboarding.swift */,
				96C48F9222F3086D00168079 /* Stock.swift */,
				96532565230F7698006E2642 /* User.swift */,
				96C3948F22E6D71C008122E7 /* UserInfo.swift */,
			);
			name = Models;
			sourceTree = "<group>";
		};
		96FEC812230F7AD40087873D /* Views */ = {
			isa = PBXGroup;
			children = (
				B5A571D524782C67003C09BD /* ButtonCell.swift */,
				B5A571D624782C67003C09BD /* ButtonCell.xib */,
				B5A571DA24782C67003C09BD /* DateCell.swift */,
				B5A571D424782C67003C09BD /* DateCell.xib */,
				B5A571D724782C67003C09BD /* RadioButtonCell.swift */,
				B5A571D924782C67003C09BD /* RadioButtonCell.xib */,
				B5A571D824782C67003C09BD /* TextBoxCell.swift */,
				B5A571D324782C67003C09BD /* TextBoxCell.xib */,
				96CACC432265F6980059FCB0 /* Storyboards */,
				961A58B72303394600430E5A /* ContactUsCollectionViewCell.swift */,
				961F330D23030A7A00167BBC /* TitleCollectionViewCell.swift */,
				96C48F9622F330EF00168079 /* CustomTableViewCell.swift */,
				961A58BC230344ED00430E5A /* FindUsOnlineCollectionViewCell.swift */,
				96C0C193230322A00096F2B5 /* ImageCollectionViewCell.swift */,
				9633C5C823032F870081CFF3 /* PromodDateCollectionViewCell.swift */,
				961A58B92303425B00430E5A /* QRCollectionViewCell.swift */,
				96FDD23822EA0F4600145257 /* TextField.swift */,
				96FDD23C22EA11DD00145257 /* UIView+Extensions.swift */,
				966114E822F487F200FA9F2A /* ShadowView.swift */,
				966114EA22F490D100FA9F2A /* ShadowImageView.swift */,
			);
			path = Views;
			sourceTree = "<group>";
		};
		96FEC818230F8B030087873D /* NotificationPersistenceService */ = {
			isa = PBXGroup;
			children = (
				96FEC822230F8B660087873D /* NotificationPersistenceService.entitlements */,
				96FEC819230F8B030087873D /* NotificationService.swift */,
				96FEC81B230F8B030087873D /* Info.plist */,
			);
			path = NotificationPersistenceService;
			sourceTree = "<group>";
		};
		C4917B910CA67E361D7643CB /* Frameworks */ = {
			isa = PBXGroup;
			children = (
				96697B4D227D305E00794455 /* UserNotifications.framework */,
				96697B4F227D305E00794455 /* UserNotificationsUI.framework */,
				ABC8B2E936A5B8722267B12E /* Pods_BrandDrop.framework */,
				17AB3A27E364BE7269772074 /* Pods_BrandDrop_Tests.framework */,
			);
			name = Frameworks;
			sourceTree = "<group>";
		};
/* End PBXGroup section */

/* Begin PBXNativeTarget section */
		607FACCF1AFB9204008FA782 /* BrandDrop */ = {
			isa = PBXNativeTarget;
			buildConfigurationList = 607FACEF1AFB9204008FA782 /* Build configuration list for PBXNativeTarget "BrandDrop" */;
			buildPhases = (
				3FBEA8392EA71831C34E6FD7 /* [CP] Check Pods Manifest.lock */,
				607FACCC1AFB9204008FA782 /* Sources */,
				607FACCD1AFB9204008FA782 /* Frameworks */,
				607FACCE1AFB9204008FA782 /* Resources */,
				961ADEC02278C2380014AB18 /* Embed App Extensions */,
				96B06CA622F45C3800BAC58B /* ShellScript */,
				FD4B12556DD2B0FCF04C5110 /* [CP] Embed Pods Frameworks */,
			);
			buildRules = (
			);
			dependencies = (
				96CDB7FE22F86AC10017EFF6 /* PBXTargetDependency */,
				96FEC81D230F8B030087873D /* PBXTargetDependency */,
			);
			name = BrandDrop;
			productName = BAKit;
			productReference = 607FACD01AFB9204008FA782 /* BrandDrop.app */;
			productType = "com.apple.product-type.application";
		};
		607FACE41AFB9204008FA782 /* BrandDrop_Tests */ = {
			isa = PBXNativeTarget;
			buildConfigurationList = 607FACF21AFB9204008FA782 /* Build configuration list for PBXNativeTarget "BrandDrop_Tests" */;
			buildPhases = (
				3A539DCDC8BC6C88B2B9EEB9 /* [CP] Check Pods Manifest.lock */,
				607FACE11AFB9204008FA782 /* Sources */,
				607FACE21AFB9204008FA782 /* Frameworks */,
				607FACE31AFB9204008FA782 /* Resources */,
				5A116E8ECC7B6ABF7361A696 /* [CP] Embed Pods Frameworks */,
			);
			buildRules = (
			);
			dependencies = (
				607FACE71AFB9204008FA782 /* PBXTargetDependency */,
			);
			name = BrandDrop_Tests;
			productName = Tests;
			productReference = 607FACE51AFB9204008FA782 /* BrandDrop_Tests.xctest */;
			productType = "com.apple.product-type.bundle.unit-test";
		};
		96CDB7F222F86AC10017EFF6 /* Content Extension */ = {
			isa = PBXNativeTarget;
			buildConfigurationList = 96CDB80022F86AC10017EFF6 /* Build configuration list for PBXNativeTarget "Content Extension" */;
			buildPhases = (
				96CDB7EF22F86AC10017EFF6 /* Sources */,
				96CDB7F022F86AC10017EFF6 /* Frameworks */,
				96CDB7F122F86AC10017EFF6 /* Resources */,
			);
			buildRules = (
			);
			dependencies = (
			);
			name = "Content Extension";
			productName = "Content Extension";
			productReference = 96CDB7F322F86AC10017EFF6 /* Content Extension.appex */;
			productType = "com.apple.product-type.app-extension";
		};
		96FEC816230F8B030087873D /* NotificationPersistenceService */ = {
			isa = PBXNativeTarget;
			buildConfigurationList = 96FEC81F230F8B030087873D /* Build configuration list for PBXNativeTarget "NotificationPersistenceService" */;
			buildPhases = (
				96FEC813230F8B030087873D /* Sources */,
				96FEC814230F8B030087873D /* Frameworks */,
				96FEC815230F8B030087873D /* Resources */,
			);
			buildRules = (
			);
			dependencies = (
			);
			name = NotificationPersistenceService;
			productName = NotificationPersistenceService;
			productReference = 96FEC817230F8B030087873D /* NotificationPersistenceService.appex */;
			productType = "com.apple.product-type.app-extension";
		};
/* End PBXNativeTarget section */

/* Begin PBXProject section */
		607FACC81AFB9204008FA782 /* Project object */ = {
			isa = PBXProject;
			attributes = {
				LastSwiftUpdateCheck = 1030;
				LastUpgradeCheck = 1320;
				ORGANIZATIONNAME = BoardActive;
				TargetAttributes = {
					607FACCF1AFB9204008FA782 = {
						CreatedOnToolsVersion = 6.3.1;
						LastSwiftMigration = 0900;
						SystemCapabilities = {
							com.apple.ApplicationGroups.iOS = {
								enabled = 1;
							};
							com.apple.BackgroundModes = {
								enabled = 1;
							};
							com.apple.Push = {
								enabled = 1;
							};
						};
					};
					607FACE41AFB9204008FA782 = {
						CreatedOnToolsVersion = 6.3.1;
						DevelopmentTeam = DLP7NL6GNK;
						LastSwiftMigration = 0900;
						ProvisioningStyle = Automatic;
						TestTargetID = 607FACCF1AFB9204008FA782;
					};
					96CDB7F222F86AC10017EFF6 = {
						CreatedOnToolsVersion = 10.3;
						SystemCapabilities = {
							com.apple.ApplicationGroups.iOS = {
								enabled = 1;
							};
						};
					};
					96FEC816230F8B030087873D = {
						CreatedOnToolsVersion = 10.3;
						SystemCapabilities = {
							com.apple.ApplicationGroups.iOS = {
								enabled = 1;
							};
						};
					};
				};
			};
			buildConfigurationList = 607FACCB1AFB9204008FA782 /* Build configuration list for PBXProject "BrandDrop" */;
			compatibilityVersion = "Xcode 10.0";
			developmentRegion = en;
			hasScannedForEncodings = 0;
			knownRegions = (
				en,
				Base,
			);
			mainGroup = 607FACC71AFB9204008FA782;
			productRefGroup = 607FACD11AFB9204008FA782 /* Products */;
			projectDirPath = "";
			projectRoot = "";
			targets = (
				607FACCF1AFB9204008FA782 /* BrandDrop */,
				96CDB7F222F86AC10017EFF6 /* Content Extension */,
				607FACE41AFB9204008FA782 /* BrandDrop_Tests */,
				96FEC816230F8B030087873D /* NotificationPersistenceService */,
			);
		};
/* End PBXProject section */

/* Begin PBXResourcesBuildPhase section */
		607FACCE1AFB9204008FA782 /* Resources */ = {
			isa = PBXResourcesBuildPhase;
			buildActionMask = 2147483647;
			files = (
				9604133822EF830100FBF8AF /* Montserrat-Regular.ttf in Resources */,
				607FACDB1AFB9204008FA782 /* Main.storyboard in Resources */,
				B5A571DE24782C67003C09BD /* ButtonCell.xib in Resources */,
				B5A571DC24782C67003C09BD /* DateCell.xib in Resources */,
				B5A571DB24782C67003C09BD /* TextBoxCell.xib in Resources */,
				B5A571E124782C67003C09BD /* RadioButtonCell.xib in Resources */,
				961ADEAE227125A00014AB18 /* NotificationBoard.storyboard in Resources */,
				9604133B22EF841000FBF8AF /* Montserrat-SemiBold.ttf in Resources */,
				968E17EC2266228C00062C43 /* Assets.xcassets in Resources */,
				701A1A582C2AEBA500768FEF /* GoogleService-Info.plist in Resources */,
				96CACC452265F7A90059FCB0 /* Launch Screen.storyboard in Resources */,
			);
			runOnlyForDeploymentPostprocessing = 0;
		};
		607FACE31AFB9204008FA782 /* Resources */ = {
			isa = PBXResourcesBuildPhase;
			buildActionMask = 2147483647;
			files = (
				96CACC462265F7A90059FCB0 /* Launch Screen.storyboard in Resources */,
				96697B68227D9D3D00794455 /* NotificationBoard.storyboard in Resources */,
			);
			runOnlyForDeploymentPostprocessing = 0;
		};
		96CDB7F122F86AC10017EFF6 /* Resources */ = {
			isa = PBXResourcesBuildPhase;
			buildActionMask = 2147483647;
			files = (
				96CDB7FB22F86AC10017EFF6 /* MainInterface.storyboard in Resources */,
			);
			runOnlyForDeploymentPostprocessing = 0;
		};
		96FEC815230F8B030087873D /* Resources */ = {
			isa = PBXResourcesBuildPhase;
			buildActionMask = 2147483647;
			files = (
			);
			runOnlyForDeploymentPostprocessing = 0;
		};
/* End PBXResourcesBuildPhase section */

/* Begin PBXShellScriptBuildPhase section */
		3A539DCDC8BC6C88B2B9EEB9 /* [CP] Check Pods Manifest.lock */ = {
			isa = PBXShellScriptBuildPhase;
			buildActionMask = 2147483647;
			files = (
			);
			inputFileListPaths = (
			);
			inputPaths = (
				"${PODS_PODFILE_DIR_PATH}/Podfile.lock",
				"${PODS_ROOT}/Manifest.lock",
			);
			name = "[CP] Check Pods Manifest.lock";
			outputFileListPaths = (
			);
			outputPaths = (
				"$(DERIVED_FILE_DIR)/Pods-BrandDrop_Tests-checkManifestLockResult.txt",
			);
			runOnlyForDeploymentPostprocessing = 0;
			shellPath = /bin/sh;
			shellScript = "diff \"${PODS_PODFILE_DIR_PATH}/Podfile.lock\" \"${PODS_ROOT}/Manifest.lock\" > /dev/null\nif [ $? != 0 ] ; then\n    # print error to STDERR\n    echo \"error: The sandbox is not in sync with the Podfile.lock. Run 'pod install' or update your CocoaPods installation.\" >&2\n    exit 1\nfi\n# This output is used by Xcode 'outputs' to avoid re-running this script phase.\necho \"SUCCESS\" > \"${SCRIPT_OUTPUT_FILE_0}\"\n";
			showEnvVarsInLog = 0;
		};
		3FBEA8392EA71831C34E6FD7 /* [CP] Check Pods Manifest.lock */ = {
			isa = PBXShellScriptBuildPhase;
			buildActionMask = 2147483647;
			files = (
			);
			inputFileListPaths = (
			);
			inputPaths = (
				"${PODS_PODFILE_DIR_PATH}/Podfile.lock",
				"${PODS_ROOT}/Manifest.lock",
			);
			name = "[CP] Check Pods Manifest.lock";
			outputFileListPaths = (
			);
			outputPaths = (
				"$(DERIVED_FILE_DIR)/Pods-BrandDrop-checkManifestLockResult.txt",
			);
			runOnlyForDeploymentPostprocessing = 0;
			shellPath = /bin/sh;
			shellScript = "diff \"${PODS_PODFILE_DIR_PATH}/Podfile.lock\" \"${PODS_ROOT}/Manifest.lock\" > /dev/null\nif [ $? != 0 ] ; then\n    # print error to STDERR\n    echo \"error: The sandbox is not in sync with the Podfile.lock. Run 'pod install' or update your CocoaPods installation.\" >&2\n    exit 1\nfi\n# This output is used by Xcode 'outputs' to avoid re-running this script phase.\necho \"SUCCESS\" > \"${SCRIPT_OUTPUT_FILE_0}\"\n";
			showEnvVarsInLog = 0;
		};
		5A116E8ECC7B6ABF7361A696 /* [CP] Embed Pods Frameworks */ = {
			isa = PBXShellScriptBuildPhase;
			buildActionMask = 2147483647;
			files = (
			);
			inputFileListPaths = (
				"${PODS_ROOT}/Target Support Files/Pods-BrandDrop_Tests/Pods-BrandDrop_Tests-frameworks-${CONFIGURATION}-input-files.xcfilelist",
			);
			name = "[CP] Embed Pods Frameworks";
			outputFileListPaths = (
				"${PODS_ROOT}/Target Support Files/Pods-BrandDrop_Tests/Pods-BrandDrop_Tests-frameworks-${CONFIGURATION}-output-files.xcfilelist",
			);
			runOnlyForDeploymentPostprocessing = 0;
			shellPath = /bin/sh;
			shellScript = "\"${PODS_ROOT}/Target Support Files/Pods-BrandDrop_Tests/Pods-BrandDrop_Tests-frameworks.sh\"\n";
			showEnvVarsInLog = 0;
		};
		96B06CA622F45C3800BAC58B /* ShellScript */ = {
			isa = PBXShellScriptBuildPhase;
			buildActionMask = 2147483647;
			files = (
			);
			inputFileListPaths = (
			);
			inputPaths = (
				"$(SRCROOT)/newInputFile",
			);
			outputFileListPaths = (
			);
			outputPaths = (
			);
			runOnlyForDeploymentPostprocessing = 0;
			shellPath = /bin/sh;
			shellScript = "# Type a script or drag a script file from your workspace to insert its path.\n";
		};
		FD4B12556DD2B0FCF04C5110 /* [CP] Embed Pods Frameworks */ = {
			isa = PBXShellScriptBuildPhase;
			buildActionMask = 2147483647;
			files = (
			);
			inputFileListPaths = (
				"${PODS_ROOT}/Target Support Files/Pods-BrandDrop/Pods-BrandDrop-frameworks-${CONFIGURATION}-input-files.xcfilelist",
			);
			name = "[CP] Embed Pods Frameworks";
			outputFileListPaths = (
				"${PODS_ROOT}/Target Support Files/Pods-BrandDrop/Pods-BrandDrop-frameworks-${CONFIGURATION}-output-files.xcfilelist",
			);
			runOnlyForDeploymentPostprocessing = 0;
			shellPath = /bin/sh;
			shellScript = "\"${PODS_ROOT}/Target Support Files/Pods-BrandDrop/Pods-BrandDrop-frameworks.sh\"\n";
			showEnvVarsInLog = 0;
		};
/* End PBXShellScriptBuildPhase section */

/* Begin PBXSourcesBuildPhase section */
		607FACCC1AFB9204008FA782 /* Sources */ = {
			isa = PBXSourcesBuildPhase;
			buildActionMask = 2147483647;
			files = (
				9633C5C923032F870081CFF3 /* PromodDateCollectionViewCell.swift in Sources */,
				9665F3F122FB4FE900CD818E /* Extensions.swift in Sources */,
				96FDD23D22EA11DD00145257 /* UIView+Extensions.swift in Sources */,
				966114E922F487F200FA9F2A /* ShadowView.swift in Sources */,
				B5A571D124782BCB003C09BD /* UserAttributesVC.swift in Sources */,
				96532566230F7698006E2642 /* User.swift in Sources */,
				9617529A22E9F6F80001C2C3 /* HomeViewController.swift in Sources */,
				961A58B82303394600430E5A /* ContactUsCollectionViewCell.swift in Sources */,
				96C394A522E6D71C008122E7 /* UserInfo.swift in Sources */,
				96C0C194230322A00096F2B5 /* ImageCollectionViewCell.swift in Sources */,
				96532560230F7681006E2642 /* CreatedBy.swift in Sources */,
				B5A571DD24782C67003C09BD /* ButtonCell.swift in Sources */,
				9665F3CE22FB317400CD818E /* CoreDataStack.swift in Sources */,
				9653255C230F7671006E2642 /* App.swift in Sources */,
				96C48F9722F330EF00168079 /* CustomTableViewCell.swift in Sources */,
				B5A571CE24782BA1003C09BD /* AttributeList.swift in Sources */,
				9653255E230F767B006E2642 /* Company.swift in Sources */,
				96C48F9522F3086E00168079 /* Stock.swift in Sources */,
				B5A571DF24782C67003C09BD /* RadioButtonCell.swift in Sources */,
				964AB5AB227E85960000F938 /* UserDefaults.swift in Sources */,
				96940A9822FB056800D2303C /* BAKit.xcdatamodeld in Sources */,
				96BA7FEF22F2A82D00AEB5B8 /* StorageObject.swift in Sources */,
				961A58BD230344ED00430E5A /* FindUsOnlineCollectionViewCell.swift in Sources */,
				96532562230F7689006E2642 /* Inbox.swift in Sources */,
				9689E11222F204E400A1ABFC /* AppPickingViewController.swift in Sources */,
				966114EB22F490D100FA9F2A /* ShadowImageView.swift in Sources */,
				96BA7FEA22F29C8000AEB5B8 /* LoginPayload.swift in Sources */,
				96FDD23922EA0F4600145257 /* TextField.swift in Sources */,
				96C48F9422F3086E00168079 /* Custom.swift in Sources */,
				9633AC3F227CF2BB00B2B692 /* LoginViewController.swift in Sources */,
				B5A571D224782BCB003C09BD /* StockAttributes.swift in Sources */,
				B5A571E224782C67003C09BD /* DateCell.swift in Sources */,
				961F330B23030A4600167BBC /* NotificationCollectionViewController.swift in Sources */,
				B5A571E024782C67003C09BD /* TextBoxCell.swift in Sources */,
				961F330E23030A7A00167BBC /* TitleCollectionViewCell.swift in Sources */,
				96C48F9322F3086E00168079 /* Attribute.swift in Sources */,
				EEA03A3A21E58BD3DB855079 /* AppDelegate.swift in Sources */,
				961A58BA2303425B00430E5A /* QRCollectionViewCell.swift in Sources */,
				96532564230F768F006E2642 /* Onboarding.swift in Sources */,
			);
			runOnlyForDeploymentPostprocessing = 0;
		};
		607FACE11AFB9204008FA782 /* Sources */ = {
			isa = PBXSourcesBuildPhase;
			buildActionMask = 2147483647;
			files = (
				96F0576222668F4600039804 /* NotificationModelSpec.swift in Sources */,
				96697B67227D9D3300794455 /* AppDelegate.swift in Sources */,
				9689E11322F204E400A1ABFC /* AppPickingViewController.swift in Sources */,
				96697B47227D29C700794455 /* BoardActiveTests.swift in Sources */,
			);
			runOnlyForDeploymentPostprocessing = 0;
		};
		96CDB7EF22F86AC10017EFF6 /* Sources */ = {
			isa = PBXSourcesBuildPhase;
			buildActionMask = 2147483647;
			files = (
				96FEC831230F8F420087873D /* Onboarding.swift in Sources */,
				96FEC82F230F8F3C0087873D /* Company.swift in Sources */,
				96103D7C22FB1777006E0256 /* BAKit.xcdatamodeld in Sources */,
				96FEC835230F8F8D0087873D /* CreatedBy.swift in Sources */,
				96FEC82B230F8F2F0087873D /* Inbox.swift in Sources */,
				96FEC82D230F8F340087873D /* User.swift in Sources */,
				967898B72315D7E200C5F8CB /* CoreDataStack.swift in Sources */,
				967898B52315D7CA00C5F8CB /* UserDefaults.swift in Sources */,
				96FEC829230F8F270087873D /* App.swift in Sources */,
				96FEC833230F8F7F0087873D /* Extensions.swift in Sources */,
				9665F3EF22FB4F4B00CD818E /* NotificationViewController.swift in Sources */,
			);
			runOnlyForDeploymentPostprocessing = 0;
		};
		96FEC813230F8B030087873D /* Sources */ = {
			isa = PBXSourcesBuildPhase;
			buildActionMask = 2147483647;
			files = (
				96FEC832230F8F440087873D /* Onboarding.swift in Sources */,
				96FEC836230F8F8E0087873D /* CreatedBy.swift in Sources */,
				96FEC82C230F8F300087873D /* Inbox.swift in Sources */,
				96FEC81A230F8B030087873D /* NotificationService.swift in Sources */,
				96FEC825230F8CA70087873D /* BAKit.xcdatamodeld in Sources */,
				96FEC834230F8F7F0087873D /* Extensions.swift in Sources */,
				967898B82315D7E300C5F8CB /* CoreDataStack.swift in Sources */,
				967898B62315D7CB00C5F8CB /* UserDefaults.swift in Sources */,
				96FEC82A230F8F270087873D /* App.swift in Sources */,
				96FEC82E230F8F350087873D /* User.swift in Sources */,
				96FEC830230F8F3D0087873D /* Company.swift in Sources */,
			);
			runOnlyForDeploymentPostprocessing = 0;
		};
/* End PBXSourcesBuildPhase section */

/* Begin PBXTargetDependency section */
		607FACE71AFB9204008FA782 /* PBXTargetDependency */ = {
			isa = PBXTargetDependency;
			target = 607FACCF1AFB9204008FA782 /* BrandDrop */;
			targetProxy = 607FACE61AFB9204008FA782 /* PBXContainerItemProxy */;
		};
		96CDB7FE22F86AC10017EFF6 /* PBXTargetDependency */ = {
			isa = PBXTargetDependency;
			target = 96CDB7F222F86AC10017EFF6 /* Content Extension */;
			targetProxy = 96CDB7FD22F86AC10017EFF6 /* PBXContainerItemProxy */;
		};
		96FEC81D230F8B030087873D /* PBXTargetDependency */ = {
			isa = PBXTargetDependency;
			target = 96FEC816230F8B030087873D /* NotificationPersistenceService */;
			targetProxy = 96FEC81C230F8B030087873D /* PBXContainerItemProxy */;
		};
/* End PBXTargetDependency section */

/* Begin PBXVariantGroup section */
		607FACD91AFB9204008FA782 /* Main.storyboard */ = {
			isa = PBXVariantGroup;
			children = (
				607FACDA1AFB9204008FA782 /* Base */,
			);
			name = Main.storyboard;
			sourceTree = "<group>";
		};
		96CDB7F922F86AC10017EFF6 /* MainInterface.storyboard */ = {
			isa = PBXVariantGroup;
			children = (
				96CDB7FA22F86AC10017EFF6 /* Base */,
			);
			name = MainInterface.storyboard;
			sourceTree = "<group>";
		};
/* End PBXVariantGroup section */

/* Begin XCBuildConfiguration section */
		607FACED1AFB9204008FA782 /* Debug */ = {
			isa = XCBuildConfiguration;
			buildSettings = {
				ALWAYS_EMBED_SWIFT_STANDARD_LIBRARIES = "$(inherited)";
				ALWAYS_SEARCH_USER_PATHS = NO;
				CLANG_ANALYZER_LOCALIZABILITY_NONLOCALIZED = YES;
				CLANG_CXX_LANGUAGE_STANDARD = "gnu++0x";
				CLANG_CXX_LIBRARY = "libc++";
				CLANG_ENABLE_MODULES = YES;
				CLANG_ENABLE_OBJC_ARC = YES;
				CLANG_WARN_BLOCK_CAPTURE_AUTORELEASING = YES;
				CLANG_WARN_BOOL_CONVERSION = YES;
				CLANG_WARN_COMMA = YES;
				CLANG_WARN_CONSTANT_CONVERSION = YES;
				CLANG_WARN_DEPRECATED_OBJC_IMPLEMENTATIONS = YES;
				CLANG_WARN_DIRECT_OBJC_ISA_USAGE = YES_ERROR;
				CLANG_WARN_EMPTY_BODY = YES;
				CLANG_WARN_ENUM_CONVERSION = YES;
				CLANG_WARN_INFINITE_RECURSION = YES;
				CLANG_WARN_INT_CONVERSION = YES;
				CLANG_WARN_NON_LITERAL_NULL_CONVERSION = YES;
				CLANG_WARN_OBJC_IMPLICIT_RETAIN_SELF = YES;
				CLANG_WARN_OBJC_LITERAL_CONVERSION = YES;
				CLANG_WARN_OBJC_ROOT_CLASS = YES_ERROR;
				CLANG_WARN_QUOTED_INCLUDE_IN_FRAMEWORK_HEADER = YES;
				CLANG_WARN_RANGE_LOOP_ANALYSIS = YES;
				CLANG_WARN_STRICT_PROTOTYPES = YES;
				CLANG_WARN_SUSPICIOUS_MOVE = YES;
				CLANG_WARN_UNREACHABLE_CODE = YES;
				CLANG_WARN__DUPLICATE_METHOD_MATCH = YES;
				"CODE_SIGN_IDENTITY[sdk=iphoneos*]" = "iPhone Developer";
				COPY_PHASE_STRIP = NO;
				DEBUG_INFORMATION_FORMAT = "dwarf-with-dsym";
				ENABLE_STRICT_OBJC_MSGSEND = YES;
				ENABLE_TESTABILITY = YES;
				GCC_C_LANGUAGE_STANDARD = gnu99;
				GCC_DYNAMIC_NO_PIC = NO;
				GCC_NO_COMMON_BLOCKS = YES;
				GCC_OPTIMIZATION_LEVEL = 0;
				GCC_PREPROCESSOR_DEFINITIONS = (
					"DEBUG=1",
					"$(inherited)",
				);
				GCC_SYMBOLS_PRIVATE_EXTERN = NO;
				GCC_WARN_64_TO_32_BIT_CONVERSION = YES;
				GCC_WARN_ABOUT_RETURN_TYPE = YES_ERROR;
				GCC_WARN_UNDECLARED_SELECTOR = YES;
				GCC_WARN_UNINITIALIZED_AUTOS = YES_AGGRESSIVE;
				GCC_WARN_UNUSED_FUNCTION = YES;
				GCC_WARN_UNUSED_VARIABLE = YES;
				IPHONEOS_DEPLOYMENT_TARGET = 12.0;
				MTL_ENABLE_DEBUG_INFO = YES;
				ONLY_ACTIVE_ARCH = YES;
				SDKROOT = iphoneos;
				SWIFT_COMPILATION_MODE = singlefile;
				SWIFT_VERSION = 4.0;
				VERSIONING_SYSTEM = "apple-generic";
			};
			name = Debug;
		};
		607FACEE1AFB9204008FA782 /* Release */ = {
			isa = XCBuildConfiguration;
			buildSettings = {
				ALWAYS_EMBED_SWIFT_STANDARD_LIBRARIES = "$(inherited)";
				ALWAYS_SEARCH_USER_PATHS = NO;
				CLANG_ANALYZER_LOCALIZABILITY_NONLOCALIZED = YES;
				CLANG_CXX_LANGUAGE_STANDARD = "gnu++0x";
				CLANG_CXX_LIBRARY = "libc++";
				CLANG_ENABLE_MODULES = YES;
				CLANG_ENABLE_OBJC_ARC = YES;
				CLANG_WARN_BLOCK_CAPTURE_AUTORELEASING = YES;
				CLANG_WARN_BOOL_CONVERSION = YES;
				CLANG_WARN_COMMA = YES;
				CLANG_WARN_CONSTANT_CONVERSION = YES;
				CLANG_WARN_DEPRECATED_OBJC_IMPLEMENTATIONS = YES;
				CLANG_WARN_DIRECT_OBJC_ISA_USAGE = YES_ERROR;
				CLANG_WARN_EMPTY_BODY = YES;
				CLANG_WARN_ENUM_CONVERSION = YES;
				CLANG_WARN_INFINITE_RECURSION = YES;
				CLANG_WARN_INT_CONVERSION = YES;
				CLANG_WARN_NON_LITERAL_NULL_CONVERSION = YES;
				CLANG_WARN_OBJC_IMPLICIT_RETAIN_SELF = YES;
				CLANG_WARN_OBJC_LITERAL_CONVERSION = YES;
				CLANG_WARN_OBJC_ROOT_CLASS = YES_ERROR;
				CLANG_WARN_QUOTED_INCLUDE_IN_FRAMEWORK_HEADER = YES;
				CLANG_WARN_RANGE_LOOP_ANALYSIS = YES;
				CLANG_WARN_STRICT_PROTOTYPES = YES;
				CLANG_WARN_SUSPICIOUS_MOVE = YES;
				CLANG_WARN_UNREACHABLE_CODE = YES;
				CLANG_WARN__DUPLICATE_METHOD_MATCH = YES;
				"CODE_SIGN_IDENTITY[sdk=iphoneos*]" = "iPhone Developer";
				COPY_PHASE_STRIP = NO;
				DEBUG_INFORMATION_FORMAT = "dwarf-with-dsym";
				ENABLE_NS_ASSERTIONS = NO;
				ENABLE_STRICT_OBJC_MSGSEND = YES;
				GCC_C_LANGUAGE_STANDARD = gnu99;
				GCC_NO_COMMON_BLOCKS = YES;
				GCC_WARN_64_TO_32_BIT_CONVERSION = YES;
				GCC_WARN_ABOUT_RETURN_TYPE = YES_ERROR;
				GCC_WARN_UNDECLARED_SELECTOR = YES;
				GCC_WARN_UNINITIALIZED_AUTOS = YES_AGGRESSIVE;
				GCC_WARN_UNUSED_FUNCTION = YES;
				GCC_WARN_UNUSED_VARIABLE = YES;
				IPHONEOS_DEPLOYMENT_TARGET = 12.0;
				MODULE_NAME = "";
				MTL_ENABLE_DEBUG_INFO = NO;
				SDKROOT = iphoneos;
				SWIFT_COMPILATION_MODE = wholemodule;
				SWIFT_VERSION = 4.0;
				VALIDATE_PRODUCT = YES;
				VERSIONING_SYSTEM = "apple-generic";
			};
			name = Release;
		};
		607FACF01AFB9204008FA782 /* Debug */ = {
			isa = XCBuildConfiguration;
			baseConfigurationReference = B73866FBD63F933EF2FC3DA8 /* Pods-BrandDrop.debug.xcconfig */;
			buildSettings = {
				ALWAYS_EMBED_SWIFT_STANDARD_LIBRARIES = "$(inherited)";
				ASSETCATALOG_COMPILER_APPICON_NAME = AppIcon;
				CODE_SIGN_ENTITLEMENTS = AdDrop.entitlements;
				CODE_SIGN_IDENTITY = "iPhone Developer: Taylor Whitlatch (JKAVUD734J)";
				"CODE_SIGN_IDENTITY[sdk=iphoneos*]" = "iPhone Developer: Taylor Whitlatch (JKAVUD734J)";
				CODE_SIGN_STYLE = Manual;
				CURRENT_PROJECT_VERSION = 1;
				DEVELOPMENT_TEAM = DLP7NL6GNK;
				"DEVELOPMENT_TEAM[sdk=iphoneos*]" = DLP7NL6GNK;
				FRAMEWORK_SEARCH_PATHS = (
					"$(inherited)",
					"\"${PODS_CONFIGURATION_BUILD_DIR}/BAKit\"",
				);
				HEADER_SEARCH_PATHS = (
					"$(inherited)",
					"\"${PODS_CONFIGURATION_BUILD_DIR}/BAKit/BAKit.framework/Headers\"",
				);
				INFOPLIST_FILE = "$(SRCROOT)/BAKit/Resources/Info.plist";
				IPHONEOS_DEPLOYMENT_TARGET = 13.0;
				LD_RUNPATH_SEARCH_PATHS = (
					"$(inherited)",
					"@executable_path/Frameworks",
				);
				MARKETING_VERSION = 2.0.2;
				MODULE_NAME = ExampleApp;
				PRODUCT_BUNDLE_IDENTIFIER = com.branddrop.addrop;
				PRODUCT_NAME = "$(TARGET_NAME)";
				PROVISIONING_PROFILE_SPECIFIER = BAKit_SDK_Dev_PP;
				"PROVISIONING_PROFILE_SPECIFIER[sdk=iphoneos*]" = Branddrop_Dev_PP;
				SWIFT_SWIFT3_OBJC_INFERENCE = Default;
				SWIFT_VERSION = 4.0;
				TARGETED_DEVICE_FAMILY = "1,2";
				VERSIONING_SYSTEM = "apple-generic";
			};
			name = Debug;
		};
		607FACF11AFB9204008FA782 /* Release */ = {
			isa = XCBuildConfiguration;
			baseConfigurationReference = 74BE957F6947A6F1BAF43F3F /* Pods-BrandDrop.release.xcconfig */;
			buildSettings = {
				ALWAYS_EMBED_SWIFT_STANDARD_LIBRARIES = "$(inherited)";
				ASSETCATALOG_COMPILER_APPICON_NAME = AppIcon;
				CODE_SIGN_ENTITLEMENTS = AdDrop.entitlements;
				CODE_SIGN_IDENTITY = "iPhone Developer: Taylor Whitlatch (JKAVUD734J)";
				"CODE_SIGN_IDENTITY[sdk=iphoneos*]" = "iPhone Developer: Taylor Whitlatch (JKAVUD734J)";
				CODE_SIGN_STYLE = Manual;
				CURRENT_PROJECT_VERSION = 1;
				DEVELOPMENT_TEAM = DLP7NL6GNK;
				"DEVELOPMENT_TEAM[sdk=iphoneos*]" = DLP7NL6GNK;
				FRAMEWORK_SEARCH_PATHS = (
					"$(inherited)",
					"\"${PODS_CONFIGURATION_BUILD_DIR}/BAKit\"",
				);
				HEADER_SEARCH_PATHS = (
					"$(inherited)",
					"\"${PODS_CONFIGURATION_BUILD_DIR}/BAKit/BAKit.framework/Headers\"",
				);
				INFOPLIST_FILE = "$(SRCROOT)/BAKit/Resources/Info.plist";
				IPHONEOS_DEPLOYMENT_TARGET = 13.0;
				LD_RUNPATH_SEARCH_PATHS = (
					"$(inherited)",
					"@executable_path/Frameworks",
				);
				MARKETING_VERSION = 2.0.2;
				MODULE_NAME = ExampleApp;
				PRODUCT_BUNDLE_IDENTIFIER = com.branddrop.addrop;
				PRODUCT_NAME = "$(TARGET_NAME)";
				PROVISIONING_PROFILE_SPECIFIER = BAKit_SDK_Dev_PP;
				"PROVISIONING_PROFILE_SPECIFIER[sdk=iphoneos*]" = Branddrop_Dev_PP;
				SWIFT_SWIFT3_OBJC_INFERENCE = Default;
				SWIFT_VERSION = 4.0;
				TARGETED_DEVICE_FAMILY = "1,2";
				VERSIONING_SYSTEM = "apple-generic";
			};
			name = Release;
		};
		607FACF31AFB9204008FA782 /* Debug */ = {
			isa = XCBuildConfiguration;
			baseConfigurationReference = 6D67462E1733B99EB747BD41 /* Pods-BrandDrop_Tests.debug.xcconfig */;
			buildSettings = {
				ALWAYS_EMBED_SWIFT_STANDARD_LIBRARIES = "$(inherited)";
				CODE_SIGN_IDENTITY = "iPhone Developer";
				CODE_SIGN_STYLE = Automatic;
				DEVELOPMENT_TEAM = DLP7NL6GNK;
				ENABLE_BITCODE = YES;
				FRAMEWORK_SEARCH_PATHS = (
					"$(SDKROOT)/Developer/Library/Frameworks",
					"$(inherited)",
				);
				GCC_PREPROCESSOR_DEFINITIONS = (
					"DEBUG=1",
					"$(inherited)",
				);
				INFOPLIST_FILE = Tests/Info.plist;
				LD_RUNPATH_SEARCH_PATHS = (
					"$(inherited)",
					"@executable_path/Frameworks",
					"@loader_path/Frameworks",
				);
				PRODUCT_BUNDLE_IDENTIFIER = "org.cocoapods.$(PRODUCT_NAME:rfc1034identifier)";
				PRODUCT_NAME = "$(TARGET_NAME)";
				PROVISIONING_PROFILE_SPECIFIER = "";
				SWIFT_SWIFT3_OBJC_INFERENCE = Default;
				SWIFT_VERSION = 4.0;
			};
			name = Debug;
		};
		607FACF41AFB9204008FA782 /* Release */ = {
			isa = XCBuildConfiguration;
			baseConfigurationReference = DBCA2ABC3E12209B254AF593 /* Pods-BrandDrop_Tests.release.xcconfig */;
			buildSettings = {
				ALWAYS_EMBED_SWIFT_STANDARD_LIBRARIES = "$(inherited)";
				CODE_SIGN_IDENTITY = "iPhone Developer";
				CODE_SIGN_STYLE = Automatic;
				DEVELOPMENT_TEAM = DLP7NL6GNK;
				ENABLE_BITCODE = YES;
				FRAMEWORK_SEARCH_PATHS = (
					"$(SDKROOT)/Developer/Library/Frameworks",
					"$(inherited)",
				);
				INFOPLIST_FILE = Tests/Info.plist;
				LD_RUNPATH_SEARCH_PATHS = (
					"$(inherited)",
					"@executable_path/Frameworks",
					"@loader_path/Frameworks",
				);
				PRODUCT_BUNDLE_IDENTIFIER = "org.cocoapods.$(PRODUCT_NAME:rfc1034identifier)";
				PRODUCT_NAME = "$(TARGET_NAME)";
				PROVISIONING_PROFILE_SPECIFIER = "";
				SWIFT_SWIFT3_OBJC_INFERENCE = Default;
				SWIFT_VERSION = 4.0;
			};
			name = Release;
		};
		96CDB80122F86AC10017EFF6 /* Debug */ = {
			isa = XCBuildConfiguration;
			buildSettings = {
				CLANG_ANALYZER_NONNULL = YES;
				CLANG_ANALYZER_NUMBER_OBJECT_CONVERSION = YES_AGGRESSIVE;
				CLANG_CXX_LANGUAGE_STANDARD = "gnu++14";
				CLANG_ENABLE_OBJC_WEAK = YES;
				CLANG_WARN_DOCUMENTATION_COMMENTS = YES;
				CLANG_WARN_UNGUARDED_AVAILABILITY = YES_AGGRESSIVE;
				CODE_SIGN_ENTITLEMENTS = "Content Extension/Content Extension.entitlements";
				CODE_SIGN_IDENTITY = "iPhone Developer: Taylor Whitlatch (JKAVUD734J)";
				CODE_SIGN_STYLE = Manual;
				CURRENT_PROJECT_VERSION = 6;
				DEBUG_INFORMATION_FORMAT = dwarf;
				DEVELOPMENT_TEAM = DLP7NL6GNK;
				"DEVELOPMENT_TEAM[sdk=iphoneos*]" = DLP7NL6GNK;
				GCC_C_LANGUAGE_STANDARD = gnu11;
				INFOPLIST_FILE = "Content Extension/Info.plist";
				IPHONEOS_DEPLOYMENT_TARGET = 12.0;
				LD_RUNPATH_SEARCH_PATHS = (
					"$(inherited)",
					"@executable_path/Frameworks",
					"@executable_path/../../Frameworks",
				);
				MTL_ENABLE_DEBUG_INFO = INCLUDE_SOURCE;
				MTL_FAST_MATH = YES;
				PRODUCT_BUNDLE_IDENTIFIER = "com.branddrop.addrop.Content-Extension";
				PRODUCT_NAME = "$(TARGET_NAME)";
				PROVISIONING_PROFILE_SPECIFIER = BAKit_SDK_Dev_Content_Ex_PP;
				"PROVISIONING_PROFILE_SPECIFIER[sdk=iphoneos*]" = Branddrop_Dev_Content_PP;
				SKIP_INSTALL = YES;
				SWIFT_ACTIVE_COMPILATION_CONDITIONS = DEBUG;
				SWIFT_OPTIMIZATION_LEVEL = "-Onone";
				SWIFT_VERSION = 5.0;
				TARGETED_DEVICE_FAMILY = "1,2";
			};
			name = Debug;
		};
		96CDB80222F86AC10017EFF6 /* Release */ = {
			isa = XCBuildConfiguration;
			buildSettings = {
				CLANG_ANALYZER_NONNULL = YES;
				CLANG_ANALYZER_NUMBER_OBJECT_CONVERSION = YES_AGGRESSIVE;
				CLANG_CXX_LANGUAGE_STANDARD = "gnu++14";
				CLANG_ENABLE_OBJC_WEAK = YES;
				CLANG_WARN_DOCUMENTATION_COMMENTS = YES;
				CLANG_WARN_UNGUARDED_AVAILABILITY = YES_AGGRESSIVE;
				CODE_SIGN_ENTITLEMENTS = "Content Extension/Content Extension.entitlements";
				CODE_SIGN_IDENTITY = "iPhone Developer: Taylor Whitlatch (JKAVUD734J)";
				CODE_SIGN_STYLE = Manual;
				CURRENT_PROJECT_VERSION = 6;
				DEVELOPMENT_TEAM = DLP7NL6GNK;
				"DEVELOPMENT_TEAM[sdk=iphoneos*]" = DLP7NL6GNK;
				GCC_C_LANGUAGE_STANDARD = gnu11;
				INFOPLIST_FILE = "Content Extension/Info.plist";
				IPHONEOS_DEPLOYMENT_TARGET = 12.0;
				LD_RUNPATH_SEARCH_PATHS = (
					"$(inherited)",
					"@executable_path/Frameworks",
					"@executable_path/../../Frameworks",
				);
				MTL_FAST_MATH = YES;
				PRODUCT_BUNDLE_IDENTIFIER = "com.branddrop.addrop.Content-Extension";
				PRODUCT_NAME = "$(TARGET_NAME)";
				PROVISIONING_PROFILE_SPECIFIER = BAKit_SDK_Dev_Content_Ex_PP;
				"PROVISIONING_PROFILE_SPECIFIER[sdk=iphoneos*]" = Branddrop_Dev_Content_PP;
				SKIP_INSTALL = YES;
				SWIFT_COMPILATION_MODE = wholemodule;
				SWIFT_OPTIMIZATION_LEVEL = "-O";
				SWIFT_VERSION = 5.0;
				TARGETED_DEVICE_FAMILY = "1,2";
			};
			name = Release;
		};
		96FEC820230F8B030087873D /* Debug */ = {
			isa = XCBuildConfiguration;
			buildSettings = {
				CLANG_ANALYZER_NONNULL = YES;
				CLANG_ANALYZER_NUMBER_OBJECT_CONVERSION = YES_AGGRESSIVE;
				CLANG_CXX_LANGUAGE_STANDARD = "gnu++14";
				CLANG_ENABLE_OBJC_WEAK = YES;
				CLANG_WARN_DOCUMENTATION_COMMENTS = YES;
				CLANG_WARN_UNGUARDED_AVAILABILITY = YES_AGGRESSIVE;
				CODE_SIGN_ENTITLEMENTS = NotificationPersistenceService/NotificationPersistenceService.entitlements;
				CODE_SIGN_IDENTITY = "iPhone Developer: Taylor Whitlatch (JKAVUD734J)";
				CODE_SIGN_STYLE = Manual;
				CURRENT_PROJECT_VERSION = 6;
				DEBUG_INFORMATION_FORMAT = dwarf;
				DEVELOPMENT_TEAM = DLP7NL6GNK;
				"DEVELOPMENT_TEAM[sdk=iphoneos*]" = DLP7NL6GNK;
				GCC_C_LANGUAGE_STANDARD = gnu11;
				INFOPLIST_FILE = NotificationPersistenceService/Info.plist;
				IPHONEOS_DEPLOYMENT_TARGET = 12.0;
				LD_RUNPATH_SEARCH_PATHS = (
					"$(inherited)",
					"@executable_path/Frameworks",
					"@executable_path/../../Frameworks",
				);
				MTL_ENABLE_DEBUG_INFO = INCLUDE_SOURCE;
				MTL_FAST_MATH = YES;
				PRODUCT_BUNDLE_IDENTIFIER = com.branddrop.addrop.NotificationPersistenceService;
				PRODUCT_NAME = "$(TARGET_NAME)";
				PROVISIONING_PROFILE_SPECIFIER = BAKit_SDK_Dev_Notifications_PP;
				"PROVISIONING_PROFILE_SPECIFIER[sdk=iphoneos*]" = Branddrop_Dev_Notification_PP;
				SKIP_INSTALL = YES;
				SWIFT_ACTIVE_COMPILATION_CONDITIONS = DEBUG;
				SWIFT_OPTIMIZATION_LEVEL = "-Onone";
				SWIFT_VERSION = 5.0;
				TARGETED_DEVICE_FAMILY = "1,2";
			};
			name = Debug;
		};
		96FEC821230F8B030087873D /* Release */ = {
			isa = XCBuildConfiguration;
			buildSettings = {
				CLANG_ANALYZER_NONNULL = YES;
				CLANG_ANALYZER_NUMBER_OBJECT_CONVERSION = YES_AGGRESSIVE;
				CLANG_CXX_LANGUAGE_STANDARD = "gnu++14";
				CLANG_ENABLE_OBJC_WEAK = YES;
				CLANG_WARN_DOCUMENTATION_COMMENTS = YES;
				CLANG_WARN_UNGUARDED_AVAILABILITY = YES_AGGRESSIVE;
				CODE_SIGN_ENTITLEMENTS = NotificationPersistenceService/NotificationPersistenceService.entitlements;
				CODE_SIGN_IDENTITY = "iPhone Developer: Taylor Whitlatch (JKAVUD734J)";
				CODE_SIGN_STYLE = Manual;
				CURRENT_PROJECT_VERSION = 6;
				DEVELOPMENT_TEAM = DLP7NL6GNK;
				"DEVELOPMENT_TEAM[sdk=iphoneos*]" = DLP7NL6GNK;
				GCC_C_LANGUAGE_STANDARD = gnu11;
				INFOPLIST_FILE = NotificationPersistenceService/Info.plist;
				IPHONEOS_DEPLOYMENT_TARGET = 12.0;
				LD_RUNPATH_SEARCH_PATHS = (
					"$(inherited)",
					"@executable_path/Frameworks",
					"@executable_path/../../Frameworks",
				);
				MTL_FAST_MATH = YES;
				PRODUCT_BUNDLE_IDENTIFIER = com.branddrop.addrop.NotificationPersistenceService;
				PRODUCT_NAME = "$(TARGET_NAME)";
				PROVISIONING_PROFILE_SPECIFIER = BAKit_SDK_Dev_Notifications_PP;
				"PROVISIONING_PROFILE_SPECIFIER[sdk=iphoneos*]" = Branddrop_Dev_Notification_PP;
				SKIP_INSTALL = YES;
				SWIFT_COMPILATION_MODE = wholemodule;
				SWIFT_OPTIMIZATION_LEVEL = "-O";
				SWIFT_VERSION = 5.0;
				TARGETED_DEVICE_FAMILY = "1,2";
			};
			name = Release;
		};
/* End XCBuildConfiguration section */

/* Begin XCConfigurationList section */
		607FACCB1AFB9204008FA782 /* Build configuration list for PBXProject "BrandDrop" */ = {
			isa = XCConfigurationList;
			buildConfigurations = (
				607FACED1AFB9204008FA782 /* Debug */,
				607FACEE1AFB9204008FA782 /* Release */,
			);
			defaultConfigurationIsVisible = 0;
			defaultConfigurationName = Release;
		};
		607FACEF1AFB9204008FA782 /* Build configuration list for PBXNativeTarget "BrandDrop" */ = {
			isa = XCConfigurationList;
			buildConfigurations = (
				607FACF01AFB9204008FA782 /* Debug */,
				607FACF11AFB9204008FA782 /* Release */,
			);
			defaultConfigurationIsVisible = 0;
			defaultConfigurationName = Release;
		};
		607FACF21AFB9204008FA782 /* Build configuration list for PBXNativeTarget "BrandDrop_Tests" */ = {
			isa = XCConfigurationList;
			buildConfigurations = (
				607FACF31AFB9204008FA782 /* Debug */,
				607FACF41AFB9204008FA782 /* Release */,
			);
			defaultConfigurationIsVisible = 0;
			defaultConfigurationName = Release;
		};
		96CDB80022F86AC10017EFF6 /* Build configuration list for PBXNativeTarget "Content Extension" */ = {
			isa = XCConfigurationList;
			buildConfigurations = (
				96CDB80122F86AC10017EFF6 /* Debug */,
				96CDB80222F86AC10017EFF6 /* Release */,
			);
			defaultConfigurationIsVisible = 0;
			defaultConfigurationName = Release;
		};
		96FEC81F230F8B030087873D /* Build configuration list for PBXNativeTarget "NotificationPersistenceService" */ = {
			isa = XCConfigurationList;
			buildConfigurations = (
				96FEC820230F8B030087873D /* Debug */,
				96FEC821230F8B030087873D /* Release */,
			);
			defaultConfigurationIsVisible = 0;
			defaultConfigurationName = Release;
		};
/* End XCConfigurationList section */

/* Begin XCVersionGroup section */
		96940A9622FB056800D2303C /* BAKit.xcdatamodeld */ = {
			isa = XCVersionGroup;
			children = (
				96940A9722FB056800D2303C /* BAKit.xcdatamodel */,
			);
			currentVersion = 96940A9722FB056800D2303C /* BAKit.xcdatamodel */;
			path = BAKit.xcdatamodeld;
			sourceTree = "<group>";
			versionGroupType = wrapper.xcdatamodel;
		};
/* End XCVersionGroup section */
	};
	rootObject = 607FACC81AFB9204008FA782 /* Project object */;
}
